
Microsoft Visual Studio Solution File, Format Version 12.00
# Visual Studio Version 17
VisualStudioVersion = 17.2.32616.157
MinimumVisualStudioVersion = 10.0.40219.1
Project("{9A19103F-16F7-4668-BE54-9A1E7A4F7556}") = "BelajarWebSyncfusion", "BelajarWebSyncfusion\BelajarWebSyncfusion.csproj", "{2213C983-CA9F-459B-A343-265E343C5831}"
EndProject
Global
	GlobalSection(SolutionConfigurationPlatforms) = preSolution
		Debug|Any CPU = Debug|Any CPU
		Release|Any CPU = Release|Any CPU
	EndGlobalSection
	GlobalSection(ProjectConfigurationPlatforms) = postSolution
		{2213C983-CA9F-459B-A343-265E343C5831}.Debug|Any CPU.ActiveCfg = Debug|Any CPU
		{2213C983-CA9F-459B-A343-265E343C5831}.Debug|Any CPU.Build.0 = Debug|Any CPU
		{2213C983-CA9F-459B-A343-265E343C5831}.Release|Any CPU.ActiveCfg = Release|Any CPU
		{2213C983-CA9F-459B-A343-265E343C5831}.Release|Any CPU.Build.0 = Release|Any CPU
	EndGlobalSection
	GlobalSection(SolutionProperties) = preSolution
		HideSolutionNode = FALSE
	EndGlobalSection
	GlobalSection(ExtensibilityGlobals) = postSolution
		SolutionGuid = {D9B35107-7868-416E-9A0B-DFC273FF2D6B}
	EndGlobalSection
EndGlobal
